
Microsoft Visual Studio Solution File, Format Version 12.00
# Visual Studio 15
VisualStudioVersion = 15.0.28307.421
MinimumVisualStudioVersion = 10.0.40219.1
Project("{2150E333-8FDC-42A3-9474-1A3956D46DE8}") = "Solution Items", "Solution Items", "{A00BB960-901D-4C63-A2DF-299E41D1663F}"
	ProjectSection(SolutionItems) = preProject
		azure-pipelines.yml = azure-pipelines.yml
	EndProjectSection
EndProject
Project("{9A19103F-16F7-4668-BE54-9A1E7A4F7556}") = "BugJumper.Tests", "test\BugJumper.Tests\BugJumper.Tests.csproj", "{CAE0E9B4-D550-4D27-9C50-EB22761D86B2}"
EndProject
Project("{FAE04EC0-301F-11D3-BF4B-00C04F79EFBC}") = "BugJumper", "src\BugJumper\BugJumper.csproj", "{060C27C4-EFB5-4E34-81B9-9021F87D7A58}"
EndProject
Global
	GlobalSection(SolutionConfigurationPlatforms) = preSolution
		Debug|Any CPU = Debug|Any CPU
		Release|Any CPU = Release|Any CPU
	EndGlobalSection
	GlobalSection(ProjectConfigurationPlatforms) = postSolution
		{CAE0E9B4-D550-4D27-9C50-EB22761D86B2}.Debug|Any CPU.ActiveCfg = Debug|Any CPU
		{CAE0E9B4-D550-4D27-9C50-EB22761D86B2}.Debug|Any CPU.Build.0 = Debug|Any CPU
		{CAE0E9B4-D550-4D27-9C50-EB22761D86B2}.Release|Any CPU.ActiveCfg = Release|Any CPU
		{CAE0E9B4-D550-4D27-9C50-EB22761D86B2}.Release|Any CPU.Build.0 = Release|Any CPU
		{060C27C4-EFB5-4E34-81B9-9021F87D7A58}.Debug|Any CPU.ActiveCfg = Debug|Any CPU
		{060C27C4-EFB5-4E34-81B9-9021F87D7A58}.Debug|Any CPU.Build.0 = Debug|Any CPU
		{060C27C4-EFB5-4E34-81B9-9021F87D7A58}.Release|Any CPU.ActiveCfg = Release|Any CPU
		{060C27C4-EFB5-4E34-81B9-9021F87D7A58}.Release|Any CPU.Build.0 = Release|Any CPU
	EndGlobalSection
	GlobalSection(SolutionProperties) = preSolution
		HideSolutionNode = FALSE
	EndGlobalSection
	GlobalSection(ExtensibilityGlobals) = postSolution
		SolutionGuid = {851F8F00-F7CA-4A6A-ADDC-1F5BB540F0D0}
	EndGlobalSection
EndGlobal
