
Microsoft Visual Studio Solution File, Format Version 12.00
# Visual Studio Version 16
VisualStudioVersion = 16.0.28917.182
MinimumVisualStudioVersion = 10.0.40219.1
Project("{9A19103F-16F7-4668-BE54-9A1E7A4F7556}") = "BugJumperCore", "src\BugJumper\BugJumperCore.csproj", "{3C2A57CE-F7DD-4C35-A3FB-126AE9ABC0C3}"
EndProject
Project("{9A19103F-16F7-4668-BE54-9A1E7A4F7556}") = "BugJumperCore.Tests", "test\BugJumper.Tests\BugJumperCore.Tests.csproj", "{F1E4E59E-1553-4845-A51B-71C0FBA89BC2}"
EndProject
Project("{2150E333-8FDC-42A3-9474-1A3956D46DE8}") = "Solution Items", "Solution Items", "{6D0A43C6-3BE7-403F-92F6-EED6532BD24C}"
	ProjectSection(SolutionItems) = preProject
		azure-pipelines-core.yml = azure-pipelines-core.yml
		azure-pipelines.yml = azure-pipelines.yml
		codecov.ps1 = codecov.ps1
		codecov.yml = codecov.yml
	EndProjectSection
EndProject
Global
	GlobalSection(SolutionConfigurationPlatforms) = preSolution
		Debug|Any CPU = Debug|Any CPU
		Release|Any CPU = Release|Any CPU
	EndGlobalSection
	GlobalSection(ProjectConfigurationPlatforms) = postSolution
		{3C2A57CE-F7DD-4C35-A3FB-126AE9ABC0C3}.Debug|Any CPU.ActiveCfg = Debug|Any CPU
		{3C2A57CE-F7DD-4C35-A3FB-126AE9ABC0C3}.Debug|Any CPU.Build.0 = Debug|Any CPU
		{3C2A57CE-F7DD-4C35-A3FB-126AE9ABC0C3}.Release|Any CPU.ActiveCfg = Release|Any CPU
		{3C2A57CE-F7DD-4C35-A3FB-126AE9ABC0C3}.Release|Any CPU.Build.0 = Release|Any CPU
		{F1E4E59E-1553-4845-A51B-71C0FBA89BC2}.Debug|Any CPU.ActiveCfg = Debug|Any CPU
		{F1E4E59E-1553-4845-A51B-71C0FBA89BC2}.Debug|Any CPU.Build.0 = Debug|Any CPU
		{F1E4E59E-1553-4845-A51B-71C0FBA89BC2}.Release|Any CPU.ActiveCfg = Release|Any CPU
		{F1E4E59E-1553-4845-A51B-71C0FBA89BC2}.Release|Any CPU.Build.0 = Release|Any CPU
	EndGlobalSection
	GlobalSection(SolutionProperties) = preSolution
		HideSolutionNode = FALSE
	EndGlobalSection
	GlobalSection(ExtensibilityGlobals) = postSolution
		SolutionGuid = {2E7E8BCA-126A-4173-9984-6E58DAA29393}
	EndGlobalSection
EndGlobal
